
Microsoft Visual Studio Solution File, Format Version 12.00
# Visual Studio Version 17
VisualStudioVersion = 17.13.35931.197 d17.13
MinimumVisualStudioVersion = 10.0.40219.1
Project("{FAE04EC0-301F-11D3-BF4B-00C04F79EFBC}") = "BibliotecaFilmes", "BibliotecaFilmes\BibliotecaFilmes.csproj", "{07969F31-7A68-4E9D-993F-1FDFAD9057EB}"
EndProject
Global
	GlobalSection(SolutionConfigurationPlatforms) = preSolution
		Debug|Any CPU = Debug|Any CPU
		Release|Any CPU = Release|Any CPU
	EndGlobalSection
	GlobalSection(ProjectConfigurationPlatforms) = postSolution
		{07969F31-7A68-4E9D-993F-1FDFAD9057EB}.Debug|Any CPU.ActiveCfg = Debug|Any CPU
		{07969F31-7A68-4E9D-993F-1FDFAD9057EB}.Debug|Any CPU.Build.0 = Debug|Any CPU
		{07969F31-7A68-4E9D-993F-1FDFAD9057EB}.Release|Any CPU.ActiveCfg = Release|Any CPU
		{07969F31-7A68-4E9D-993F-1FDFAD9057EB}.Release|Any CPU.Build.0 = Release|Any CPU
	EndGlobalSection
	GlobalSection(SolutionProperties) = preSolution
		HideSolutionNode = FALSE
	EndGlobalSection
	GlobalSection(ExtensibilityGlobals) = postSolution
		SolutionGuid = {AE5C4C92-6078-43E7-B351-68B654D3D55D}
	EndGlobalSection
EndGlobal
